// !$*UTF8*$!
{
	archiveVersion = 1;
	classes = {
	};
	objectVersion = 56;
	objects = {

/* Begin PBXBuildFile section */
		855763F32A9A636200C545A7 /* StoryCollectionViewCell.swift in Sources */ = {isa = PBXBuildFile; fileRef = 855763F22A9A636200C545A7 /* StoryCollectionViewCell.swift */; };
		855763F62A9A63BE00C545A7 /* StoryCollectionViewCellScreen.swift in Sources */ = {isa = PBXBuildFile; fileRef = 855763F52A9A63BE00C545A7 /* StoryCollectionViewCellScreen.swift */; };
		855763FB2A9A6F8500C545A7 /* PostCardCollectionViewCell.swift in Sources */ = {isa = PBXBuildFile; fileRef = 855763FA2A9A6F8500C545A7 /* PostCardCollectionViewCell.swift */; };
		855763FE2A9A6FC900C545A7 /* PostCardPostCardCollectionViewCellScreen.swift in Sources */ = {isa = PBXBuildFile; fileRef = 855763FD2A9A6FC900C545A7 /* PostCardPostCardCollectionViewCellScreen.swift */; };
		855764002A9A732500C545A7 /* Posts.swift in Sources */ = {isa = PBXBuildFile; fileRef = 855763FF2A9A732500C545A7 /* Posts.swift */; };
		855764032A9A7A6E00C545A7 /* PostCardViewModel.swift in Sources */ = {isa = PBXBuildFile; fileRef = 855764022A9A7A6E00C545A7 /* PostCardViewModel.swift */; };
		855764062A9B9D0500C545A7 /* PostCollectionViewCell.swift in Sources */ = {isa = PBXBuildFile; fileRef = 855764052A9B9D0500C545A7 /* PostCollectionViewCell.swift */; };
		855764092A9B9D3C00C545A7 /* PostCollectionViewCellScreen.swift in Sources */ = {isa = PBXBuildFile; fileRef = 855764082A9B9D3C00C545A7 /* PostCollectionViewCellScreen.swift */; };
		857AF5DD2A8C34760066DC65 /* StoryCardCollectionViewCell.swift in Sources */ = {isa = PBXBuildFile; fileRef = 857AF5DC2A8C34760066DC65 /* StoryCardCollectionViewCell.swift */; };
		857AF5E02A8C46D80066DC65 /* StoryCardCollectionViewCellScren.swift in Sources */ = {isa = PBXBuildFile; fileRef = 857AF5DF2A8C46D80066DC65 /* StoryCardCollectionViewCellScren.swift */; };
		857AF5E32A8C4DF00066DC65 /* StoryCardViewModel.swift in Sources */ = {isa = PBXBuildFile; fileRef = 857AF5E22A8C4DF00066DC65 /* StoryCardViewModel.swift */; };
		858C661E2A9424C500BA2740 /* Stories.swift in Sources */ = {isa = PBXBuildFile; fileRef = 858C661D2A9424C500BA2740 /* Stories.swift */; };
		85E62D732A844E56006BC03F /* AppDelegate.swift in Sources */ = {isa = PBXBuildFile; fileRef = 85E62D722A844E56006BC03F /* AppDelegate.swift */; };
		85E62D752A844E56006BC03F /* SceneDelegate.swift in Sources */ = {isa = PBXBuildFile; fileRef = 85E62D742A844E56006BC03F /* SceneDelegate.swift */; };
		85E62D772A844E56006BC03F /* HomeViewController.swift in Sources */ = {isa = PBXBuildFile; fileRef = 85E62D762A844E56006BC03F /* HomeViewController.swift */; };
		85E62D7F2A844E57006BC03F /* LaunchScreen.storyboard in Resources */ = {isa = PBXBuildFile; fileRef = 85E62D7D2A844E57006BC03F /* LaunchScreen.storyboard */; };
		85E62D8A2A844E57006BC03F /* backfront_mvvmTests.swift in Sources */ = {isa = PBXBuildFile; fileRef = 85E62D892A844E57006BC03F /* backfront_mvvmTests.swift */; };
		85E62D942A844E57006BC03F /* backfront_mvvmUITests.swift in Sources */ = {isa = PBXBuildFile; fileRef = 85E62D932A844E57006BC03F /* backfront_mvvmUITests.swift */; };
		85E62D962A844E57006BC03F /* backfront_mvvmUITestsLaunchTests.swift in Sources */ = {isa = PBXBuildFile; fileRef = 85E62D952A844E57006BC03F /* backfront_mvvmUITestsLaunchTests.swift */; };
		85E62DA32A845027006BC03F /* Assets.xcassets in Resources */ = {isa = PBXBuildFile; fileRef = 85E62DA22A845027006BC03F /* Assets.xcassets */; };
		85FE7DC02A8AE1A6006C072A /* HomeScreen.swift in Sources */ = {isa = PBXBuildFile; fileRef = 85FE7DBF2A8AE1A6006C072A /* HomeScreen.swift */; };
		85FE7DC42A8AE41C006C072A /* UiViewAndExtension.swift in Sources */ = {isa = PBXBuildFile; fileRef = 85FE7DC32A8AE41C006C072A /* UiViewAndExtension.swift */; };
		85FE7DC62A8AE5E1006C072A /* UIColorExtension.swift in Sources */ = {isa = PBXBuildFile; fileRef = 85FE7DC52A8AE5E1006C072A /* UIColorExtension.swift */; };
		85FE7DC82A8AE766006C072A /* HomeViewModel.swift in Sources */ = {isa = PBXBuildFile; fileRef = 85FE7DC72A8AE766006C072A /* HomeViewModel.swift */; };
/* End PBXBuildFile section */

/* Begin PBXContainerItemProxy section */
		85E62D862A844E57006BC03F /* PBXContainerItemProxy */ = {
			isa = PBXContainerItemProxy;
			containerPortal = 85E62D672A844E56006BC03F /* Project object */;
			proxyType = 1;
			remoteGlobalIDString = 85E62D6E2A844E56006BC03F;
			remoteInfo = backfront_mvvm;
		};
		85E62D902A844E57006BC03F /* PBXContainerItemProxy */ = {
			isa = PBXContainerItemProxy;
			containerPortal = 85E62D672A844E56006BC03F /* Project object */;
			proxyType = 1;
			remoteGlobalIDString = 85E62D6E2A844E56006BC03F;
			remoteInfo = backfront_mvvm;
		};
/* End PBXContainerItemProxy section */

/* Begin PBXFileReference section */
		855763F22A9A636200C545A7 /* StoryCollectionViewCell.swift */ = {isa = PBXFileReference; lastKnownFileType = sourcecode.swift; path = StoryCollectionViewCell.swift; sourceTree = "<group>"; };
		855763F52A9A63BE00C545A7 /* StoryCollectionViewCellScreen.swift */ = {isa = PBXFileReference; lastKnownFileType = sourcecode.swift; path = StoryCollectionViewCellScreen.swift; sourceTree = "<group>"; };
		855763FA2A9A6F8500C545A7 /* PostCardCollectionViewCell.swift */ = {isa = PBXFileReference; lastKnownFileType = sourcecode.swift; path = PostCardCollectionViewCell.swift; sourceTree = "<group>"; };
		855763FD2A9A6FC900C545A7 /* PostCardPostCardCollectionViewCellScreen.swift */ = {isa = PBXFileReference; lastKnownFileType = sourcecode.swift; path = PostCardPostCardCollectionViewCellScreen.swift; sourceTree = "<group>"; };
		855763FF2A9A732500C545A7 /* Posts.swift */ = {isa = PBXFileReference; lastKnownFileType = sourcecode.swift; path = Posts.swift; sourceTree = "<group>"; };
		855764022A9A7A6E00C545A7 /* PostCardViewModel.swift */ = {isa = PBXFileReference; lastKnownFileType = sourcecode.swift; path = PostCardViewModel.swift; sourceTree = "<group>"; };
		855764052A9B9D0500C545A7 /* PostCollectionViewCell.swift */ = {isa = PBXFileReference; lastKnownFileType = sourcecode.swift; path = PostCollectionViewCell.swift; sourceTree = "<group>"; };
		855764082A9B9D3C00C545A7 /* PostCollectionViewCellScreen.swift */ = {isa = PBXFileReference; lastKnownFileType = sourcecode.swift; path = PostCollectionViewCellScreen.swift; sourceTree = "<group>"; };
		857AF5DC2A8C34760066DC65 /* StoryCardCollectionViewCell.swift */ = {isa = PBXFileReference; lastKnownFileType = sourcecode.swift; path = StoryCardCollectionViewCell.swift; sourceTree = "<group>"; };
		857AF5DF2A8C46D80066DC65 /* StoryCardCollectionViewCellScren.swift */ = {isa = PBXFileReference; lastKnownFileType = sourcecode.swift; path = StoryCardCollectionViewCellScren.swift; sourceTree = "<group>"; };
		857AF5E22A8C4DF00066DC65 /* StoryCardViewModel.swift */ = {isa = PBXFileReference; lastKnownFileType = sourcecode.swift; path = StoryCardViewModel.swift; sourceTree = "<group>"; };
		858C661D2A9424C500BA2740 /* Stories.swift */ = {isa = PBXFileReference; lastKnownFileType = sourcecode.swift; path = Stories.swift; sourceTree = "<group>"; };
		85E62D6F2A844E56006BC03F /* backfront_mvvm.app */ = {isa = PBXFileReference; explicitFileType = wrapper.application; includeInIndex = 0; path = backfront_mvvm.app; sourceTree = BUILT_PRODUCTS_DIR; };
		85E62D722A844E56006BC03F /* AppDelegate.swift */ = {isa = PBXFileReference; lastKnownFileType = sourcecode.swift; path = AppDelegate.swift; sourceTree = "<group>"; };
		85E62D742A844E56006BC03F /* SceneDelegate.swift */ = {isa = PBXFileReference; lastKnownFileType = sourcecode.swift; path = SceneDelegate.swift; sourceTree = "<group>"; };
		85E62D762A844E56006BC03F /* HomeViewController.swift */ = {isa = PBXFileReference; lastKnownFileType = sourcecode.swift; path = HomeViewController.swift; sourceTree = "<group>"; };
		85E62D7E2A844E57006BC03F /* Base */ = {isa = PBXFileReference; lastKnownFileType = file.storyboard; name = Base; path = Base.lproj/LaunchScreen.storyboard; sourceTree = "<group>"; };
		85E62D802A844E57006BC03F /* Info.plist */ = {isa = PBXFileReference; lastKnownFileType = text.plist.xml; path = Info.plist; sourceTree = "<group>"; };
		85E62D852A844E57006BC03F /* backfront_mvvmTests.xctest */ = {isa = PBXFileReference; explicitFileType = wrapper.cfbundle; includeInIndex = 0; path = backfront_mvvmTests.xctest; sourceTree = BUILT_PRODUCTS_DIR; };
		85E62D892A844E57006BC03F /* backfront_mvvmTests.swift */ = {isa = PBXFileReference; lastKnownFileType = sourcecode.swift; path = backfront_mvvmTests.swift; sourceTree = "<group>"; };
		85E62D8F2A844E57006BC03F /* backfront_mvvmUITests.xctest */ = {isa = PBXFileReference; explicitFileType = wrapper.cfbundle; includeInIndex = 0; path = backfront_mvvmUITests.xctest; sourceTree = BUILT_PRODUCTS_DIR; };
		85E62D932A844E57006BC03F /* backfront_mvvmUITests.swift */ = {isa = PBXFileReference; lastKnownFileType = sourcecode.swift; path = backfront_mvvmUITests.swift; sourceTree = "<group>"; };
		85E62D952A844E57006BC03F /* backfront_mvvmUITestsLaunchTests.swift */ = {isa = PBXFileReference; lastKnownFileType = sourcecode.swift; path = backfront_mvvmUITestsLaunchTests.swift; sourceTree = "<group>"; };
		85E62DA22A845027006BC03F /* Assets.xcassets */ = {isa = PBXFileReference; lastKnownFileType = folder.assetcatalog; name = Assets.xcassets; path = ../../../../../Downloads/Assets.xcassets; sourceTree = "<group>"; };
		85E62DA42A84502A006BC03F /* Assets.xcassets */ = {isa = PBXFileReference; lastKnownFileType = folder.assetcatalog; name = Assets.xcassets; path = ../../../../../../Downloads/Assets.xcassets; sourceTree = "<group>"; };
		85FE7DBF2A8AE1A6006C072A /* HomeScreen.swift */ = {isa = PBXFileReference; lastKnownFileType = sourcecode.swift; path = HomeScreen.swift; sourceTree = "<group>"; };
		85FE7DC32A8AE41C006C072A /* UiViewAndExtension.swift */ = {isa = PBXFileReference; lastKnownFileType = sourcecode.swift; path = UiViewAndExtension.swift; sourceTree = "<group>"; };
		85FE7DC52A8AE5E1006C072A /* UIColorExtension.swift */ = {isa = PBXFileReference; lastKnownFileType = sourcecode.swift; path = UIColorExtension.swift; sourceTree = "<group>"; };
		85FE7DC72A8AE766006C072A /* HomeViewModel.swift */ = {isa = PBXFileReference; lastKnownFileType = sourcecode.swift; path = HomeViewModel.swift; sourceTree = "<group>"; };
/* End PBXFileReference section */

/* Begin PBXFrameworksBuildPhase section */
		85E62D6C2A844E56006BC03F /* Frameworks */ = {
			isa = PBXFrameworksBuildPhase;
			buildActionMask = 2147483647;
			files = (
			);
			runOnlyForDeploymentPostprocessing = 0;
		};
		85E62D822A844E57006BC03F /* Frameworks */ = {
			isa = PBXFrameworksBuildPhase;
			buildActionMask = 2147483647;
			files = (
			);
			runOnlyForDeploymentPostprocessing = 0;
		};
		85E62D8C2A844E57006BC03F /* Frameworks */ = {
			isa = PBXFrameworksBuildPhase;
			buildActionMask = 2147483647;
			files = (
			);
			runOnlyForDeploymentPostprocessing = 0;
		};
/* End PBXFrameworksBuildPhase section */

/* Begin PBXGroup section */
		855763F12A9A634300C545A7 /* StoryCollectionViewCell */ = {
			isa = PBXGroup;
			children = (
				855763F42A9A639300C545A7 /* Screen */,
				855763F22A9A636200C545A7 /* StoryCollectionViewCell.swift */,
			);
			path = StoryCollectionViewCell;
			sourceTree = "<group>";
		};
		855763F42A9A639300C545A7 /* Screen */ = {
			isa = PBXGroup;
			children = (
				855763F52A9A63BE00C545A7 /* StoryCollectionViewCellScreen.swift */,
			);
			path = Screen;
			sourceTree = "<group>";
		};
		855763F72A9A6F5800C545A7 /* Story */ = {
			isa = PBXGroup;
			children = (
				855763F12A9A634300C545A7 /* StoryCollectionViewCell */,
				857AF5DB2A8C344F0066DC65 /* StoryCardCollectionViewCell */,
			);
			path = Story;
			sourceTree = "<group>";
		};
		855763F82A9A6F6800C545A7 /* Post */ = {
			isa = PBXGroup;
			children = (
				855764042A9B9C8400C545A7 /* PostCollectionViewCell */,
				855763F92A9A6F6E00C545A7 /* PostCardCollectionViewCell */,
			);
			path = Post;
			sourceTree = "<group>";
		};
		855763F92A9A6F6E00C545A7 /* PostCardCollectionViewCell */ = {
			isa = PBXGroup;
			children = (
				855764012A9A7A5100C545A7 /* ViewModel */,
				855763FC2A9A6FA300C545A7 /* Screen */,
				855763FA2A9A6F8500C545A7 /* PostCardCollectionViewCell.swift */,
			);
			path = PostCardCollectionViewCell;
			sourceTree = "<group>";
		};
		855763FC2A9A6FA300C545A7 /* Screen */ = {
			isa = PBXGroup;
			children = (
				855763FD2A9A6FC900C545A7 /* PostCardPostCardCollectionViewCellScreen.swift */,
			);
			path = Screen;
			sourceTree = "<group>";
		};
		855764012A9A7A5100C545A7 /* ViewModel */ = {
			isa = PBXGroup;
			children = (
				855764022A9A7A6E00C545A7 /* PostCardViewModel.swift */,
			);
			path = ViewModel;
			sourceTree = "<group>";
		};
		855764042A9B9C8400C545A7 /* PostCollectionViewCell */ = {
			isa = PBXGroup;
			children = (
				855764072A9B9D0D00C545A7 /* Screen */,
				855764052A9B9D0500C545A7 /* PostCollectionViewCell.swift */,
			);
			path = PostCollectionViewCell;
			sourceTree = "<group>";
		};
		855764072A9B9D0D00C545A7 /* Screen */ = {
			isa = PBXGroup;
			children = (
				855764082A9B9D3C00C545A7 /* PostCollectionViewCellScreen.swift */,
			);
			path = Screen;
			sourceTree = "<group>";
		};
		857AF5DA2A8C34480066DC65 /* Cell */ = {
			isa = PBXGroup;
			children = (
				855763F82A9A6F6800C545A7 /* Post */,
				855763F72A9A6F5800C545A7 /* Story */,
			);
			path = Cell;
			sourceTree = "<group>";
		};
		857AF5DB2A8C344F0066DC65 /* StoryCardCollectionViewCell */ = {
			isa = PBXGroup;
			children = (
				857AF5E12A8C4DD80066DC65 /* ViewModel */,
				857AF5DE2A8C46B80066DC65 /* Screen */,
				857AF5DC2A8C34760066DC65 /* StoryCardCollectionViewCell.swift */,
			);
			path = StoryCardCollectionViewCell;
			sourceTree = "<group>";
		};
		857AF5DE2A8C46B80066DC65 /* Screen */ = {
			isa = PBXGroup;
			children = (
				857AF5DF2A8C46D80066DC65 /* StoryCardCollectionViewCellScren.swift */,
			);
			path = Screen;
			sourceTree = "<group>";
		};
		857AF5E12A8C4DD80066DC65 /* ViewModel */ = {
			isa = PBXGroup;
			children = (
				857AF5E22A8C4DF00066DC65 /* StoryCardViewModel.swift */,
			);
			path = ViewModel;
			sourceTree = "<group>";
		};
		858C661C2A9424B900BA2740 /* Models */ = {
			isa = PBXGroup;
			children = (
				858C661D2A9424C500BA2740 /* Stories.swift */,
			);
			path = Models;
			sourceTree = "<group>";
		};
		85E62D662A844E56006BC03F = {
			isa = PBXGroup;
			children = (
				85E62D712A844E56006BC03F /* backfront_mvvm */,
				85E62D882A844E57006BC03F /* backfront_mvvmTests */,
				85E62D922A844E57006BC03F /* backfront_mvvmUITests */,
				85E62DA22A845027006BC03F /* Assets.xcassets */,
				85E62D702A844E56006BC03F /* Products */,
			);
			sourceTree = "<group>";
		};
		85E62D702A844E56006BC03F /* Products */ = {
			isa = PBXGroup;
			children = (
				85E62D6F2A844E56006BC03F /* backfront_mvvm.app */,
				85E62D852A844E57006BC03F /* backfront_mvvmTests.xctest */,
				85E62D8F2A844E57006BC03F /* backfront_mvvmUITests.xctest */,
			);
			name = Products;
			sourceTree = "<group>";
		};
		85E62D712A844E56006BC03F /* backfront_mvvm */ = {
			isa = PBXGroup;
			children = (
				85FE7DC12A8AE3F9006C072A /* Core */,
				85FE7DBE2A8AE18D006C072A /* Home */,
				85E62DA42A84502A006BC03F /* Assets.xcassets */,
				85E62D722A844E56006BC03F /* AppDelegate.swift */,
				85E62D742A844E56006BC03F /* SceneDelegate.swift */,
				85E62D7D2A844E57006BC03F /* LaunchScreen.storyboard */,
				85E62D802A844E57006BC03F /* Info.plist */,
			);
			path = backfront_mvvm;
			sourceTree = "<group>";
		};
		85E62D882A844E57006BC03F /* backfront_mvvmTests */ = {
			isa = PBXGroup;
			children = (
				85E62D892A844E57006BC03F /* backfront_mvvmTests.swift */,
			);
			path = backfront_mvvmTests;
			sourceTree = "<group>";
		};
		85E62D922A844E57006BC03F /* backfront_mvvmUITests */ = {
			isa = PBXGroup;
			children = (
				85E62D932A844E57006BC03F /* backfront_mvvmUITests.swift */,
				85E62D952A844E57006BC03F /* backfront_mvvmUITestsLaunchTests.swift */,
			);
			path = backfront_mvvmUITests;
			sourceTree = "<group>";
		};
		85FE7DBE2A8AE18D006C072A /* Home */ = {
			isa = PBXGroup;
			children = (
				857AF5DA2A8C34480066DC65 /* Cell */,
				85E62D762A844E56006BC03F /* HomeViewController.swift */,
				85FE7DBF2A8AE1A6006C072A /* HomeScreen.swift */,
				85FE7DC72A8AE766006C072A /* HomeViewModel.swift */,
				855763FF2A9A732500C545A7 /* Posts.swift */,
			);
			path = Home;
			sourceTree = "<group>";
		};
		85FE7DC12A8AE3F9006C072A /* Core */ = {
			isa = PBXGroup;
			children = (
				858C661C2A9424B900BA2740 /* Models */,
				85FE7DC22A8AE401006C072A /* Extension */,
			);
			path = Core;
			sourceTree = "<group>";
		};
		85FE7DC22A8AE401006C072A /* Extension */ = {
			isa = PBXGroup;
			children = (
				85FE7DC32A8AE41C006C072A /* UiViewAndExtension.swift */,
				85FE7DC52A8AE5E1006C072A /* UIColorExtension.swift */,
			);
			path = Extension;
			sourceTree = "<group>";
		};
/* End PBXGroup section */

/* Begin PBXNativeTarget section */
		85E62D6E2A844E56006BC03F /* backfront_mvvm */ = {
			isa = PBXNativeTarget;
			buildConfigurationList = 85E62D992A844E57006BC03F /* Build configuration list for PBXNativeTarget "backfront_mvvm" */;
			buildPhases = (
				85E62D6B2A844E56006BC03F /* Sources */,
				85E62D6C2A844E56006BC03F /* Frameworks */,
				85E62D6D2A844E56006BC03F /* Resources */,
			);
			buildRules = (
			);
			dependencies = (
			);
			name = backfront_mvvm;
			productName = backfront_mvvm;
			productReference = 85E62D6F2A844E56006BC03F /* backfront_mvvm.app */;
			productType = "com.apple.product-type.application";
		};
		85E62D842A844E57006BC03F /* backfront_mvvmTests */ = {
			isa = PBXNativeTarget;
			buildConfigurationList = 85E62D9C2A844E57006BC03F /* Build configuration list for PBXNativeTarget "backfront_mvvmTests" */;
			buildPhases = (
				85E62D812A844E57006BC03F /* Sources */,
				85E62D822A844E57006BC03F /* Frameworks */,
				85E62D832A844E57006BC03F /* Resources */,
			);
			buildRules = (
			);
			dependencies = (
				85E62D872A844E57006BC03F /* PBXTargetDependency */,
			);
			name = backfront_mvvmTests;
			productName = backfront_mvvmTests;
			productReference = 85E62D852A844E57006BC03F /* backfront_mvvmTests.xctest */;
			productType = "com.apple.product-type.bundle.unit-test";
		};
		85E62D8E2A844E57006BC03F /* backfront_mvvmUITests */ = {
			isa = PBXNativeTarget;
			buildConfigurationList = 85E62D9F2A844E57006BC03F /* Build configuration list for PBXNativeTarget "backfront_mvvmUITests" */;
			buildPhases = (
				85E62D8B2A844E57006BC03F /* Sources */,
				85E62D8C2A844E57006BC03F /* Frameworks */,
				85E62D8D2A844E57006BC03F /* Resources */,
			);
			buildRules = (
			);
			dependencies = (
				85E62D912A844E57006BC03F /* PBXTargetDependency */,
			);
			name = backfront_mvvmUITests;
			productName = backfront_mvvmUITests;
			productReference = 85E62D8F2A844E57006BC03F /* backfront_mvvmUITests.xctest */;
			productType = "com.apple.product-type.bundle.ui-testing";
		};
/* End PBXNativeTarget section */

/* Begin PBXProject section */
		85E62D672A844E56006BC03F /* Project object */ = {
			isa = PBXProject;
			attributes = {
				BuildIndependentTargetsInParallel = 1;
				LastSwiftUpdateCheck = 1420;
				LastUpgradeCheck = 1420;
				TargetAttributes = {
					85E62D6E2A844E56006BC03F = {
						CreatedOnToolsVersion = 14.2;
					};
					85E62D842A844E57006BC03F = {
						CreatedOnToolsVersion = 14.2;
						TestTargetID = 85E62D6E2A844E56006BC03F;
					};
					85E62D8E2A844E57006BC03F = {
						CreatedOnToolsVersion = 14.2;
						TestTargetID = 85E62D6E2A844E56006BC03F;
					};
				};
			};
			buildConfigurationList = 85E62D6A2A844E56006BC03F /* Build configuration list for PBXProject "backfront_mvvm" */;
			compatibilityVersion = "Xcode 14.0";
			developmentRegion = en;
			hasScannedForEncodings = 0;
			knownRegions = (
				en,
				Base,
			);
			mainGroup = 85E62D662A844E56006BC03F;
			productRefGroup = 85E62D702A844E56006BC03F /* Products */;
			projectDirPath = "";
			projectRoot = "";
			targets = (
				85E62D6E2A844E56006BC03F /* backfront_mvvm */,
				85E62D842A844E57006BC03F /* backfront_mvvmTests */,
				85E62D8E2A844E57006BC03F /* backfront_mvvmUITests */,
			);
		};
/* End PBXProject section */

/* Begin PBXResourcesBuildPhase section */
		85E62D6D2A844E56006BC03F /* Resources */ = {
			isa = PBXResourcesBuildPhase;
			buildActionMask = 2147483647;
			files = (
				85E62D7F2A844E57006BC03F /* LaunchScreen.storyboard in Resources */,
				85E62DA32A845027006BC03F /* Assets.xcassets in Resources */,
			);
			runOnlyForDeploymentPostprocessing = 0;
		};
		85E62D832A844E57006BC03F /* Resources */ = {
			isa = PBXResourcesBuildPhase;
			buildActionMask = 2147483647;
			files = (
			);
			runOnlyForDeploymentPostprocessing = 0;
		};
		85E62D8D2A844E57006BC03F /* Resources */ = {
			isa = PBXResourcesBuildPhase;
			buildActionMask = 2147483647;
			files = (
			);
			runOnlyForDeploymentPostprocessing = 0;
		};
/* End PBXResourcesBuildPhase section */

/* Begin PBXSourcesBuildPhase section */
		85E62D6B2A844E56006BC03F /* Sources */ = {
			isa = PBXSourcesBuildPhase;
			buildActionMask = 2147483647;
			files = (
				85FE7DC02A8AE1A6006C072A /* HomeScreen.swift in Sources */,
				855764092A9B9D3C00C545A7 /* PostCollectionViewCellScreen.swift in Sources */,
				855763F62A9A63BE00C545A7 /* StoryCollectionViewCellScreen.swift in Sources */,
				855763FB2A9A6F8500C545A7 /* PostCardCollectionViewCell.swift in Sources */,
				85E62D772A844E56006BC03F /* HomeViewController.swift in Sources */,
				857AF5DD2A8C34760066DC65 /* StoryCardCollectionViewCell.swift in Sources */,
				85FE7DC82A8AE766006C072A /* HomeViewModel.swift in Sources */,
				855763F32A9A636200C545A7 /* StoryCollectionViewCell.swift in Sources */,
				857AF5E32A8C4DF00066DC65 /* StoryCardViewModel.swift in Sources */,
				855764062A9B9D0500C545A7 /* PostCollectionViewCell.swift in Sources */,
				855764032A9A7A6E00C545A7 /* PostCardViewModel.swift in Sources */,
				858C661E2A9424C500BA2740 /* Stories.swift in Sources */,
				857AF5E02A8C46D80066DC65 /* StoryCardCollectionViewCellScren.swift in Sources */,
				85E62D732A844E56006BC03F /* AppDelegate.swift in Sources */,
				85FE7DC42A8AE41C006C072A /* UiViewAndExtension.swift in Sources */,
				855763FE2A9A6FC900C545A7 /* PostCardPostCardCollectionViewCellScreen.swift in Sources */,
				85E62D752A844E56006BC03F /* SceneDelegate.swift in Sources */,
				85FE7DC62A8AE5E1006C072A /* UIColorExtension.swift in Sources */,
				855764002A9A732500C545A7 /* Posts.swift in Sources */,
			);
			runOnlyForDeploymentPostprocessing = 0;
		};
		85E62D812A844E57006BC03F /* Sources */ = {
			isa = PBXSourcesBuildPhase;
			buildActionMask = 2147483647;
			files = (
				85E62D8A2A844E57006BC03F /* backfront_mvvmTests.swift in Sources */,
			);
			runOnlyForDeploymentPostprocessing = 0;
		};
		85E62D8B2A844E57006BC03F /* Sources */ = {
			isa = PBXSourcesBuildPhase;
			buildActionMask = 2147483647;
			files = (
				85E62D942A844E57006BC03F /* backfront_mvvmUITests.swift in Sources */,
				85E62D962A844E57006BC03F /* backfront_mvvmUITestsLaunchTests.swift in Sources */,
			);
			runOnlyForDeploymentPostprocessing = 0;
		};
/* End PBXSourcesBuildPhase section */

/* Begin PBXTargetDependency section */
		85E62D872A844E57006BC03F /* PBXTargetDependency */ = {
			isa = PBXTargetDependency;
			target = 85E62D6E2A844E56006BC03F /* backfront_mvvm */;
			targetProxy = 85E62D862A844E57006BC03F /* PBXContainerItemProxy */;
		};
		85E62D912A844E57006BC03F /* PBXTargetDependency */ = {
			isa = PBXTargetDependency;
			target = 85E62D6E2A844E56006BC03F /* backfront_mvvm */;
			targetProxy = 85E62D902A844E57006BC03F /* PBXContainerItemProxy */;
		};
/* End PBXTargetDependency section */

/* Begin PBXVariantGroup section */
		85E62D7D2A844E57006BC03F /* LaunchScreen.storyboard */ = {
			isa = PBXVariantGroup;
			children = (
				85E62D7E2A844E57006BC03F /* Base */,
			);
			name = LaunchScreen.storyboard;
			sourceTree = "<group>";
		};
/* End PBXVariantGroup section */

/* Begin XCBuildConfiguration section */
		85E62D972A844E57006BC03F /* Debug */ = {
			isa = XCBuildConfiguration;
			buildSettings = {
				ALWAYS_SEARCH_USER_PATHS = NO;
				CLANG_ANALYZER_NONNULL = YES;
				CLANG_ANALYZER_NUMBER_OBJECT_CONVERSION = YES_AGGRESSIVE;
				CLANG_CXX_LANGUAGE_STANDARD = "gnu++20";
				CLANG_ENABLE_MODULES = YES;
				CLANG_ENABLE_OBJC_ARC = YES;
				CLANG_ENABLE_OBJC_WEAK = YES;
				CLANG_WARN_BLOCK_CAPTURE_AUTORELEASING = YES;
				CLANG_WARN_BOOL_CONVERSION = YES;
				CLANG_WARN_COMMA = YES;
				CLANG_WARN_CONSTANT_CONVERSION = YES;
				CLANG_WARN_DEPRECATED_OBJC_IMPLEMENTATIONS = YES;
				CLANG_WARN_DIRECT_OBJC_ISA_USAGE = YES_ERROR;
				CLANG_WARN_DOCUMENTATION_COMMENTS = YES;
				CLANG_WARN_EMPTY_BODY = YES;
				CLANG_WARN_ENUM_CONVERSION = YES;
				CLANG_WARN_INFINITE_RECURSION = YES;
				CLANG_WARN_INT_CONVERSION = YES;
				CLANG_WARN_NON_LITERAL_NULL_CONVERSION = YES;
				CLANG_WARN_OBJC_IMPLICIT_RETAIN_SELF = YES;
				CLANG_WARN_OBJC_LITERAL_CONVERSION = YES;
				CLANG_WARN_OBJC_ROOT_CLASS = YES_ERROR;
				CLANG_WARN_QUOTED_INCLUDE_IN_FRAMEWORK_HEADER = YES;
				CLANG_WARN_RANGE_LOOP_ANALYSIS = YES;
				CLANG_WARN_STRICT_PROTOTYPES = YES;
				CLANG_WARN_SUSPICIOUS_MOVE = YES;
				CLANG_WARN_UNGUARDED_AVAILABILITY = YES_AGGRESSIVE;
				CLANG_WARN_UNREACHABLE_CODE = YES;
				CLANG_WARN__DUPLICATE_METHOD_MATCH = YES;
				COPY_PHASE_STRIP = NO;
				DEBUG_INFORMATION_FORMAT = dwarf;
				ENABLE_STRICT_OBJC_MSGSEND = YES;
				ENABLE_TESTABILITY = YES;
				GCC_C_LANGUAGE_STANDARD = gnu11;
				GCC_DYNAMIC_NO_PIC = NO;
				GCC_NO_COMMON_BLOCKS = YES;
				GCC_OPTIMIZATION_LEVEL = 0;
				GCC_PREPROCESSOR_DEFINITIONS = (
					"DEBUG=1",
					"$(inherited)",
				);
				GCC_WARN_64_TO_32_BIT_CONVERSION = YES;
				GCC_WARN_ABOUT_RETURN_TYPE = YES_ERROR;
				GCC_WARN_UNDECLARED_SELECTOR = YES;
				GCC_WARN_UNINITIALIZED_AUTOS = YES_AGGRESSIVE;
				GCC_WARN_UNUSED_FUNCTION = YES;
				GCC_WARN_UNUSED_VARIABLE = YES;
				IPHONEOS_DEPLOYMENT_TARGET = 16.2;
				MTL_ENABLE_DEBUG_INFO = INCLUDE_SOURCE;
				MTL_FAST_MATH = YES;
				ONLY_ACTIVE_ARCH = YES;
				SDKROOT = iphoneos;
				SWIFT_ACTIVE_COMPILATION_CONDITIONS = DEBUG;
				SWIFT_OPTIMIZATION_LEVEL = "-Onone";
			};
			name = Debug;
		};
		85E62D982A844E57006BC03F /* Release */ = {
			isa = XCBuildConfiguration;
			buildSettings = {
				ALWAYS_SEARCH_USER_PATHS = NO;
				CLANG_ANALYZER_NONNULL = YES;
				CLANG_ANALYZER_NUMBER_OBJECT_CONVERSION = YES_AGGRESSIVE;
				CLANG_CXX_LANGUAGE_STANDARD = "gnu++20";
				CLANG_ENABLE_MODULES = YES;
				CLANG_ENABLE_OBJC_ARC = YES;
				CLANG_ENABLE_OBJC_WEAK = YES;
				CLANG_WARN_BLOCK_CAPTURE_AUTORELEASING = YES;
				CLANG_WARN_BOOL_CONVERSION = YES;
				CLANG_WARN_COMMA = YES;
				CLANG_WARN_CONSTANT_CONVERSION = YES;
				CLANG_WARN_DEPRECATED_OBJC_IMPLEMENTATIONS = YES;
				CLANG_WARN_DIRECT_OBJC_ISA_USAGE = YES_ERROR;
				CLANG_WARN_DOCUMENTATION_COMMENTS = YES;
				CLANG_WARN_EMPTY_BODY = YES;
				CLANG_WARN_ENUM_CONVERSION = YES;
				CLANG_WARN_INFINITE_RECURSION = YES;
				CLANG_WARN_INT_CONVERSION = YES;
				CLANG_WARN_NON_LITERAL_NULL_CONVERSION = YES;
				CLANG_WARN_OBJC_IMPLICIT_RETAIN_SELF = YES;
				CLANG_WARN_OBJC_LITERAL_CONVERSION = YES;
				CLANG_WARN_OBJC_ROOT_CLASS = YES_ERROR;
				CLANG_WARN_QUOTED_INCLUDE_IN_FRAMEWORK_HEADER = YES;
				CLANG_WARN_RANGE_LOOP_ANALYSIS = YES;
				CLANG_WARN_STRICT_PROTOTYPES = YES;
				CLANG_WARN_SUSPICIOUS_MOVE = YES;
				CLANG_WARN_UNGUARDED_AVAILABILITY = YES_AGGRESSIVE;
				CLANG_WARN_UNREACHABLE_CODE = YES;
				CLANG_WARN__DUPLICATE_METHOD_MATCH = YES;
				COPY_PHASE_STRIP = NO;
				DEBUG_INFORMATION_FORMAT = "dwarf-with-dsym";
				ENABLE_NS_ASSERTIONS = NO;
				ENABLE_STRICT_OBJC_MSGSEND = YES;
				GCC_C_LANGUAGE_STANDARD = gnu11;
				GCC_NO_COMMON_BLOCKS = YES;
				GCC_WARN_64_TO_32_BIT_CONVERSION = YES;
				GCC_WARN_ABOUT_RETURN_TYPE = YES_ERROR;
				GCC_WARN_UNDECLARED_SELECTOR = YES;
				GCC_WARN_UNINITIALIZED_AUTOS = YES_AGGRESSIVE;
				GCC_WARN_UNUSED_FUNCTION = YES;
				GCC_WARN_UNUSED_VARIABLE = YES;
				IPHONEOS_DEPLOYMENT_TARGET = 16.2;
				MTL_ENABLE_DEBUG_INFO = NO;
				MTL_FAST_MATH = YES;
				SDKROOT = iphoneos;
				SWIFT_COMPILATION_MODE = wholemodule;
				SWIFT_OPTIMIZATION_LEVEL = "-O";
				VALIDATE_PRODUCT = YES;
			};
			name = Release;
		};
		85E62D9A2A844E57006BC03F /* Debug */ = {
			isa = XCBuildConfiguration;
			buildSettings = {
				ASSETCATALOG_COMPILER_APPICON_NAME = AppIcon;
				ASSETCATALOG_COMPILER_GLOBAL_ACCENT_COLOR_NAME = AccentColor;
				CODE_SIGN_STYLE = Automatic;
				CURRENT_PROJECT_VERSION = 1;
				DEVELOPMENT_TEAM = BX33GF2T6S;
				GENERATE_INFOPLIST_FILE = YES;
				INFOPLIST_FILE = backfront_mvvm/Info.plist;
				INFOPLIST_KEY_UIApplicationSupportsIndirectInputEvents = YES;
				INFOPLIST_KEY_UILaunchStoryboardName = LaunchScreen;
				INFOPLIST_KEY_UIMainStoryboardFile = "";
				INFOPLIST_KEY_UISupportedInterfaceOrientations_iPad = "UIInterfaceOrientationPortrait UIInterfaceOrientationPortraitUpsideDown UIInterfaceOrientationLandscapeLeft UIInterfaceOrientationLandscapeRight";
				INFOPLIST_KEY_UISupportedInterfaceOrientations_iPhone = "UIInterfaceOrientationPortrait UIInterfaceOrientationLandscapeLeft UIInterfaceOrientationLandscapeRight";
				LD_RUNPATH_SEARCH_PATHS = (
					"$(inherited)",
					"@executable_path/Frameworks",
				);
				MARKETING_VERSION = 1.0;
				PRODUCT_BUNDLE_IDENTIFIER = "guusta-dev.backfront-mvvm";
				PRODUCT_NAME = "$(TARGET_NAME)";
				SWIFT_EMIT_LOC_STRINGS = YES;
				SWIFT_VERSION = 5.0;
				TARGETED_DEVICE_FAMILY = "1,2";
			};
			name = Debug;
		};
		85E62D9B2A844E57006BC03F /* Release */ = {
			isa = XCBuildConfiguration;
			buildSettings = {
				ASSETCATALOG_COMPILER_APPICON_NAME = AppIcon;
				ASSETCATALOG_COMPILER_GLOBAL_ACCENT_COLOR_NAME = AccentColor;
				CODE_SIGN_STYLE = Automatic;
				CURRENT_PROJECT_VERSION = 1;
				DEVELOPMENT_TEAM = BX33GF2T6S;
				GENERATE_INFOPLIST_FILE = YES;
				INFOPLIST_FILE = backfront_mvvm/Info.plist;
				INFOPLIST_KEY_UIApplicationSupportsIndirectInputEvents = YES;
				INFOPLIST_KEY_UILaunchStoryboardName = LaunchScreen;
				INFOPLIST_KEY_UIMainStoryboardFile = "";
				INFOPLIST_KEY_UISupportedInterfaceOrientations_iPad = "UIInterfaceOrientationPortrait UIInterfaceOrientationPortraitUpsideDown UIInterfaceOrientationLandscapeLeft UIInterfaceOrientationLandscapeRight";
				INFOPLIST_KEY_UISupportedInterfaceOrientations_iPhone = "UIInterfaceOrientationPortrait UIInterfaceOrientationLandscapeLeft UIInterfaceOrientationLandscapeRight";
				LD_RUNPATH_SEARCH_PATHS = (
					"$(inherited)",
					"@executable_path/Frameworks",
				);
				MARKETING_VERSION = 1.0;
				PRODUCT_BUNDLE_IDENTIFIER = "guusta-dev.backfront-mvvm";
				PRODUCT_NAME = "$(TARGET_NAME)";
				SWIFT_EMIT_LOC_STRINGS = YES;
				SWIFT_VERSION = 5.0;
				TARGETED_DEVICE_FAMILY = "1,2";
			};
			name = Release;
		};
		85E62D9D2A844E57006BC03F /* Debug */ = {
			isa = XCBuildConfiguration;
			buildSettings = {
				ALWAYS_EMBED_SWIFT_STANDARD_LIBRARIES = YES;
				BUNDLE_LOADER = "$(TEST_HOST)";
				CODE_SIGN_STYLE = Automatic;
				CURRENT_PROJECT_VERSION = 1;
				DEVELOPMENT_TEAM = BX33GF2T6S;
				GENERATE_INFOPLIST_FILE = YES;
				IPHONEOS_DEPLOYMENT_TARGET = 16.2;
				MARKETING_VERSION = 1.0;
				PRODUCT_BUNDLE_IDENTIFIER = "guusta-dev.backfront-mvvmTests";
				PRODUCT_NAME = "$(TARGET_NAME)";
				SWIFT_EMIT_LOC_STRINGS = NO;
				SWIFT_VERSION = 5.0;
				TARGETED_DEVICE_FAMILY = "1,2";
				TEST_HOST = "$(BUILT_PRODUCTS_DIR)/backfront_mvvm.app/$(BUNDLE_EXECUTABLE_FOLDER_PATH)/backfront_mvvm";
			};
			name = Debug;
		};
		85E62D9E2A844E57006BC03F /* Release */ = {
			isa = XCBuildConfiguration;
			buildSettings = {
				ALWAYS_EMBED_SWIFT_STANDARD_LIBRARIES = YES;
				BUNDLE_LOADER = "$(TEST_HOST)";
				CODE_SIGN_STYLE = Automatic;
				CURRENT_PROJECT_VERSION = 1;
				DEVELOPMENT_TEAM = BX33GF2T6S;
				GENERATE_INFOPLIST_FILE = YES;
				IPHONEOS_DEPLOYMENT_TARGET = 16.2;
				MARKETING_VERSION = 1.0;
				PRODUCT_BUNDLE_IDENTIFIER = "guusta-dev.backfront-mvvmTests";
				PRODUCT_NAME = "$(TARGET_NAME)";
				SWIFT_EMIT_LOC_STRINGS = NO;
				SWIFT_VERSION = 5.0;
				TARGETED_DEVICE_FAMILY = "1,2";
				TEST_HOST = "$(BUILT_PRODUCTS_DIR)/backfront_mvvm.app/$(BUNDLE_EXECUTABLE_FOLDER_PATH)/backfront_mvvm";
			};
			name = Release;
		};
		85E62DA02A844E57006BC03F /* Debug */ = {
			isa = XCBuildConfiguration;
			buildSettings = {
				ALWAYS_EMBED_SWIFT_STANDARD_LIBRARIES = YES;
				CODE_SIGN_STYLE = Automatic;
				CURRENT_PROJECT_VERSION = 1;
				DEVELOPMENT_TEAM = BX33GF2T6S;
				GENERATE_INFOPLIST_FILE = YES;
				MARKETING_VERSION = 1.0;
				PRODUCT_BUNDLE_IDENTIFIER = "guusta-dev.backfront-mvvmUITests";
				PRODUCT_NAME = "$(TARGET_NAME)";
				SWIFT_EMIT_LOC_STRINGS = NO;
				SWIFT_VERSION = 5.0;
				TARGETED_DEVICE_FAMILY = "1,2";
				TEST_TARGET_NAME = backfront_mvvm;
			};
			name = Debug;
		};
		85E62DA12A844E57006BC03F /* Release */ = {
			isa = XCBuildConfiguration;
			buildSettings = {
				ALWAYS_EMBED_SWIFT_STANDARD_LIBRARIES = YES;
				CODE_SIGN_STYLE = Automatic;
				CURRENT_PROJECT_VERSION = 1;
				DEVELOPMENT_TEAM = BX33GF2T6S;
				GENERATE_INFOPLIST_FILE = YES;
				MARKETING_VERSION = 1.0;
				PRODUCT_BUNDLE_IDENTIFIER = "guusta-dev.backfront-mvvmUITests";
				PRODUCT_NAME = "$(TARGET_NAME)";
				SWIFT_EMIT_LOC_STRINGS = NO;
				SWIFT_VERSION = 5.0;
				TARGETED_DEVICE_FAMILY = "1,2";
				TEST_TARGET_NAME = backfront_mvvm;
			};
			name = Release;
		};
/* End XCBuildConfiguration section */

/* Begin XCConfigurationList section */
		85E62D6A2A844E56006BC03F /* Build configuration list for PBXProject "backfront_mvvm" */ = {
			isa = XCConfigurationList;
			buildConfigurations = (
				85E62D972A844E57006BC03F /* Debug */,
				85E62D982A844E57006BC03F /* Release */,
			);
			defaultConfigurationIsVisible = 0;
			defaultConfigurationName = Release;
		};
		85E62D992A844E57006BC03F /* Build configuration list for PBXNativeTarget "backfront_mvvm" */ = {
			isa = XCConfigurationList;
			buildConfigurations = (
				85E62D9A2A844E57006BC03F /* Debug */,
				85E62D9B2A844E57006BC03F /* Release */,
			);
			defaultConfigurationIsVisible = 0;
			defaultConfigurationName = Release;
		};
		85E62D9C2A844E57006BC03F /* Build configuration list for PBXNativeTarget "backfront_mvvmTests" */ = {
			isa = XCConfigurationList;
			buildConfigurations = (
				85E62D9D2A844E57006BC03F /* Debug */,
				85E62D9E2A844E57006BC03F /* Release */,
			);
			defaultConfigurationIsVisible = 0;
			defaultConfigurationName = Release;
		};
		85E62D9F2A844E57006BC03F /* Build configuration list for PBXNativeTarget "backfront_mvvmUITests" */ = {
			isa = XCConfigurationList;
			buildConfigurations = (
				85E62DA02A844E57006BC03F /* Debug */,
				85E62DA12A844E57006BC03F /* Release */,
			);
			defaultConfigurationIsVisible = 0;
			defaultConfigurationName = Release;
		};
/* End XCConfigurationList section */
	};
	rootObject = 85E62D672A844E56006BC03F /* Project object */;
}
